// !$*UTF8*$!
{
	archiveVersion = 1;
	classes = {
	};
	objectVersion = 50;
	objects = {

/* Begin PBXBuildFile section */
		A4A19C7125C85BAA00414DF0 /* Pinewood_DerbyApp.swift in Sources */ = {isa = PBXBuildFile; fileRef = A4A19C7025C85BAA00414DF0 /* Pinewood_DerbyApp.swift */; };
		A4A19C7325C85BAA00414DF0 /* ContentView.swift in Sources */ = {isa = PBXBuildFile; fileRef = A4A19C7225C85BAA00414DF0 /* ContentView.swift */; };
		A4A19C7525C85BAA00414DF0 /* Assets.xcassets in Resources */ = {isa = PBXBuildFile; fileRef = A4A19C7425C85BAA00414DF0 /* Assets.xcassets */; };
		A4A19C7825C85BAA00414DF0 /* Preview Assets.xcassets in Resources */ = {isa = PBXBuildFile; fileRef = A4A19C7725C85BAA00414DF0 /* Preview Assets.xcassets */; };
		A4A19C8325C85BAA00414DF0 /* Pinewood_DerbyTests.swift in Sources */ = {isa = PBXBuildFile; fileRef = A4A19C8225C85BAA00414DF0 /* Pinewood_DerbyTests.swift */; };
		A4A19C8E25C85BAA00414DF0 /* Pinewood_DerbyUITests.swift in Sources */ = {isa = PBXBuildFile; fileRef = A4A19C8D25C85BAA00414DF0 /* Pinewood_DerbyUITests.swift */; };
/* End PBXBuildFile section */

/* Begin PBXContainerItemProxy section */
		A4A19C7F25C85BAA00414DF0 /* PBXContainerItemProxy */ = {
			isa = PBXContainerItemProxy;
			containerPortal = A4A19C6525C85BAA00414DF0 /* Project object */;
			proxyType = 1;
			remoteGlobalIDString = A4A19C6C25C85BAA00414DF0;
			remoteInfo = "Pinewood Derby";
		};
		A4A19C8A25C85BAA00414DF0 /* PBXContainerItemProxy */ = {
			isa = PBXContainerItemProxy;
			containerPortal = A4A19C6525C85BAA00414DF0 /* Project object */;
			proxyType = 1;
			remoteGlobalIDString = A4A19C6C25C85BAA00414DF0;
			remoteInfo = "Pinewood Derby";
		};
/* End PBXContainerItemProxy section */

/* Begin PBXFileReference section */
		A4A19C6D25C85BAA00414DF0 /* Pinewood Derby.app */ = {isa = PBXFileReference; explicitFileType = wrapper.application; includeInIndex = 0; path = "Pinewood Derby.app"; sourceTree = BUILT_PRODUCTS_DIR; };
		A4A19C7025C85BAA00414DF0 /* Pinewood_DerbyApp.swift */ = {isa = PBXFileReference; lastKnownFileType = sourcecode.swift; path = Pinewood_DerbyApp.swift; sourceTree = "<group>"; };
		A4A19C7225C85BAA00414DF0 /* ContentView.swift */ = {isa = PBXFileReference; lastKnownFileType = sourcecode.swift; path = ContentView.swift; sourceTree = "<group>"; };
		A4A19C7425C85BAA00414DF0 /* Assets.xcassets */ = {isa = PBXFileReference; lastKnownFileType = folder.assetcatalog; path = Assets.xcassets; sourceTree = "<group>"; };
		A4A19C7725C85BAA00414DF0 /* Preview Assets.xcassets */ = {isa = PBXFileReference; lastKnownFileType = folder.assetcatalog; path = "Preview Assets.xcassets"; sourceTree = "<group>"; };
		A4A19C7925C85BAA00414DF0 /* Info.plist */ = {isa = PBXFileReference; lastKnownFileType = text.plist.xml; path = Info.plist; sourceTree = "<group>"; };
		A4A19C7E25C85BAA00414DF0 /* Pinewood DerbyTests.xctest */ = {isa = PBXFileReference; explicitFileType = wrapper.cfbundle; includeInIndex = 0; path = "Pinewood DerbyTests.xctest"; sourceTree = BUILT_PRODUCTS_DIR; };
		A4A19C8225C85BAA00414DF0 /* Pinewood_DerbyTests.swift */ = {isa = PBXFileReference; lastKnownFileType = sourcecode.swift; path = Pinewood_DerbyTests.swift; sourceTree = "<group>"; };
		A4A19C8425C85BAA00414DF0 /* Info.plist */ = {isa = PBXFileReference; lastKnownFileType = text.plist.xml; path = Info.plist; sourceTree = "<group>"; };
		A4A19C8925C85BAA00414DF0 /* Pinewood DerbyUITests.xctest */ = {isa = PBXFileReference; explicitFileType = wrapper.cfbundle; includeInIndex = 0; path = "Pinewood DerbyUITests.xctest"; sourceTree = BUILT_PRODUCTS_DIR; };
		A4A19C8D25C85BAA00414DF0 /* Pinewood_DerbyUITests.swift */ = {isa = PBXFileReference; lastKnownFileType = sourcecode.swift; path = Pinewood_DerbyUITests.swift; sourceTree = "<group>"; };
		A4A19C8F25C85BAA00414DF0 /* Info.plist */ = {isa = PBXFileReference; lastKnownFileType = text.plist.xml; path = Info.plist; sourceTree = "<group>"; };
/* End PBXFileReference section */

/* Begin PBXFrameworksBuildPhase section */
		A4A19C6A25C85BAA00414DF0 /* Frameworks */ = {
			isa = PBXFrameworksBuildPhase;
			buildActionMask = 2147483647;
			files = (
			);
			runOnlyForDeploymentPostprocessing = 0;
		};
		A4A19C7B25C85BAA00414DF0 /* Frameworks */ = {
			isa = PBXFrameworksBuildPhase;
			buildActionMask = 2147483647;
			files = (
			);
			runOnlyForDeploymentPostprocessing = 0;
		};
		A4A19C8625C85BAA00414DF0 /* Frameworks */ = {
			isa = PBXFrameworksBuildPhase;
			buildActionMask = 2147483647;
			files = (
			);
			runOnlyForDeploymentPostprocessing = 0;
		};
/* End PBXFrameworksBuildPhase section */

/* Begin PBXGroup section */
		A4A19C6425C85BAA00414DF0 = {
			isa = PBXGroup;
			children = (
				A4A19C6F25C85BAA00414DF0 /* Pinewood Derby */,
				A4A19C8125C85BAA00414DF0 /* Pinewood DerbyTests */,
				A4A19C8C25C85BAA00414DF0 /* Pinewood DerbyUITests */,
				A4A19C6E25C85BAA00414DF0 /* Products */,
			);
			sourceTree = "<group>";
		};
		A4A19C6E25C85BAA00414DF0 /* Products */ = {
			isa = PBXGroup;
			children = (
				A4A19C6D25C85BAA00414DF0 /* Pinewood Derby.app */,
				A4A19C7E25C85BAA00414DF0 /* Pinewood DerbyTests.xctest */,
				A4A19C8925C85BAA00414DF0 /* Pinewood DerbyUITests.xctest */,
			);
			name = Products;
			sourceTree = "<group>";
		};
		A4A19C6F25C85BAA00414DF0 /* Pinewood Derby */ = {
			isa = PBXGroup;
			children = (
				A4A19C7025C85BAA00414DF0 /* Pinewood_DerbyApp.swift */,
				A4A19C7225C85BAA00414DF0 /* ContentView.swift */,
				A4A19C7425C85BAA00414DF0 /* Assets.xcassets */,
				A4A19C7925C85BAA00414DF0 /* Info.plist */,
				A4A19C7625C85BAA00414DF0 /* Preview Content */,
			);
			path = "Pinewood Derby";
			sourceTree = "<group>";
		};
		A4A19C7625C85BAA00414DF0 /* Preview Content */ = {
			isa = PBXGroup;
			children = (
				A4A19C7725C85BAA00414DF0 /* Preview Assets.xcassets */,
			);
			path = "Preview Content";
			sourceTree = "<group>";
		};
		A4A19C8125C85BAA00414DF0 /* Pinewood DerbyTests */ = {
			isa = PBXGroup;
			children = (
				A4A19C8225C85BAA00414DF0 /* Pinewood_DerbyTests.swift */,
				A4A19C8425C85BAA00414DF0 /* Info.plist */,
			);
			path = "Pinewood DerbyTests";
			sourceTree = "<group>";
		};
		A4A19C8C25C85BAA00414DF0 /* Pinewood DerbyUITests */ = {
			isa = PBXGroup;
			children = (
				A4A19C8D25C85BAA00414DF0 /* Pinewood_DerbyUITests.swift */,
				A4A19C8F25C85BAA00414DF0 /* Info.plist */,
			);
			path = "Pinewood DerbyUITests";
			sourceTree = "<group>";
		};
/* End PBXGroup section */

/* Begin PBXNativeTarget section */
		A4A19C6C25C85BAA00414DF0 /* Pinewood Derby */ = {
			isa = PBXNativeTarget;
			buildConfigurationList = A4A19C9225C85BAA00414DF0 /* Build configuration list for PBXNativeTarget "Pinewood Derby" */;
			buildPhases = (
				A4A19C6925C85BAA00414DF0 /* Sources */,
				A4A19C6A25C85BAA00414DF0 /* Frameworks */,
				A4A19C6B25C85BAA00414DF0 /* Resources */,
			);
			buildRules = (
			);
			dependencies = (
			);
			name = "Pinewood Derby";
			productName = "Pinewood Derby";
			productReference = A4A19C6D25C85BAA00414DF0 /* Pinewood Derby.app */;
			productType = "com.apple.product-type.application";
		};
		A4A19C7D25C85BAA00414DF0 /* Pinewood DerbyTests */ = {
			isa = PBXNativeTarget;
			buildConfigurationList = A4A19C9525C85BAA00414DF0 /* Build configuration list for PBXNativeTarget "Pinewood DerbyTests" */;
			buildPhases = (
				A4A19C7A25C85BAA00414DF0 /* Sources */,
				A4A19C7B25C85BAA00414DF0 /* Frameworks */,
				A4A19C7C25C85BAA00414DF0 /* Resources */,
			);
			buildRules = (
			);
			dependencies = (
				A4A19C8025C85BAA00414DF0 /* PBXTargetDependency */,
			);
			name = "Pinewood DerbyTests";
			productName = "Pinewood DerbyTests";
			productReference = A4A19C7E25C85BAA00414DF0 /* Pinewood DerbyTests.xctest */;
			productType = "com.apple.product-type.bundle.unit-test";
		};
		A4A19C8825C85BAA00414DF0 /* Pinewood DerbyUITests */ = {
			isa = PBXNativeTarget;
			buildConfigurationList = A4A19C9825C85BAA00414DF0 /* Build configuration list for PBXNativeTarget "Pinewood DerbyUITests" */;
			buildPhases = (
				A4A19C8525C85BAA00414DF0 /* Sources */,
				A4A19C8625C85BAA00414DF0 /* Frameworks */,
				A4A19C8725C85BAA00414DF0 /* Resources */,
			);
			buildRules = (
			);
			dependencies = (
				A4A19C8B25C85BAA00414DF0 /* PBXTargetDependency */,
			);
			name = "Pinewood DerbyUITests";
			productName = "Pinewood DerbyUITests";
			productReference = A4A19C8925C85BAA00414DF0 /* Pinewood DerbyUITests.xctest */;
			productType = "com.apple.product-type.bundle.ui-testing";
		};
/* End PBXNativeTarget section */

/* Begin PBXProject section */
		A4A19C6525C85BAA00414DF0 /* Project object */ = {
			isa = PBXProject;
			attributes = {
				LastSwiftUpdateCheck = 1240;
				LastUpgradeCheck = 1240;
				TargetAttributes = {
					A4A19C6C25C85BAA00414DF0 = {
						CreatedOnToolsVersion = 12.4;
					};
					A4A19C7D25C85BAA00414DF0 = {
						CreatedOnToolsVersion = 12.4;
						TestTargetID = A4A19C6C25C85BAA00414DF0;
					};
					A4A19C8825C85BAA00414DF0 = {
						CreatedOnToolsVersion = 12.4;
						TestTargetID = A4A19C6C25C85BAA00414DF0;
					};
				};
			};
			buildConfigurationList = A4A19C6825C85BAA00414DF0 /* Build configuration list for PBXProject "Pinewood Derby" */;
			compatibilityVersion = "Xcode 9.3";
			developmentRegion = en;
			hasScannedForEncodings = 0;
			knownRegions = (
				en,
				Base,
			);
			mainGroup = A4A19C6425C85BAA00414DF0;
			productRefGroup = A4A19C6E25C85BAA00414DF0 /* Products */;
			projectDirPath = "";
			projectRoot = "";
			targets = (
				A4A19C6C25C85BAA00414DF0 /* Pinewood Derby */,
				A4A19C7D25C85BAA00414DF0 /* Pinewood DerbyTests */,
				A4A19C8825C85BAA00414DF0 /* Pinewood DerbyUITests */,
			);
		};
/* End PBXProject section */

/* Begin PBXResourcesBuildPhase section */
		A4A19C6B25C85BAA00414DF0 /* Resources */ = {
			isa = PBXResourcesBuildPhase;
			buildActionMask = 2147483647;
			files = (
				A4A19C7825C85BAA00414DF0 /* Preview Assets.xcassets in Resources */,
				A4A19C7525C85BAA00414DF0 /* Assets.xcassets in Resources */,
			);
			runOnlyForDeploymentPostprocessing = 0;
		};
		A4A19C7C25C85BAA00414DF0 /* Resources */ = {
			isa = PBXResourcesBuildPhase;
			buildActionMask = 2147483647;
			files = (
			);
			runOnlyForDeploymentPostprocessing = 0;
		};
		A4A19C8725C85BAA00414DF0 /* Resources */ = {
			isa = PBXResourcesBuildPhase;
			buildActionMask = 2147483647;
			files = (
			);
			runOnlyForDeploymentPostprocessing = 0;
		};
/* End PBXResourcesBuildPhase section */

/* Begin PBXSourcesBuildPhase section */
		A4A19C6925C85BAA00414DF0 /* Sources */ = {
			isa = PBXSourcesBuildPhase;
			buildActionMask = 2147483647;
			files = (
				A4A19C7325C85BAA00414DF0 /* ContentView.swift in Sources */,
				A4A19C7125C85BAA00414DF0 /* Pinewood_DerbyApp.swift in Sources */,
			);
			runOnlyForDeploymentPostprocessing = 0;
		};
		A4A19C7A25C85BAA00414DF0 /* Sources */ = {
			isa = PBXSourcesBuildPhase;
			buildActionMask = 2147483647;
			files = (
				A4A19C8325C85BAA00414DF0 /* Pinewood_DerbyTests.swift in Sources */,
			);
			runOnlyForDeploymentPostprocessing = 0;
		};
		A4A19C8525C85BAA00414DF0 /* Sources */ = {
			isa = PBXSourcesBuildPhase;
			buildActionMask = 2147483647;
			files = (
				A4A19C8E25C85BAA00414DF0 /* Pinewood_DerbyUITests.swift in Sources */,
			);
			runOnlyForDeploymentPostprocessing = 0;
		};
/* End PBXSourcesBuildPhase section */

/* Begin PBXTargetDependency section */
		A4A19C8025C85BAA00414DF0 /* PBXTargetDependency */ = {
			isa = PBXTargetDependency;
			target = A4A19C6C25C85BAA00414DF0 /* Pinewood Derby */;
			targetProxy = A4A19C7F25C85BAA00414DF0 /* PBXContainerItemProxy */;
		};
		A4A19C8B25C85BAA00414DF0 /* PBXTargetDependency */ = {
			isa = PBXTargetDependency;
			target = A4A19C6C25C85BAA00414DF0 /* Pinewood Derby */;
			targetProxy = A4A19C8A25C85BAA00414DF0 /* PBXContainerItemProxy */;
		};
/* End PBXTargetDependency section */

/* Begin XCBuildConfiguration section */
		A4A19C9025C85BAA00414DF0 /* Debug */ = {
			isa = XCBuildConfiguration;
			buildSettings = {
				ALWAYS_SEARCH_USER_PATHS = NO;
				CLANG_ANALYZER_NONNULL = YES;
				CLANG_ANALYZER_NUMBER_OBJECT_CONVERSION = YES_AGGRESSIVE;
				CLANG_CXX_LANGUAGE_STANDARD = "gnu++14";
				CLANG_CXX_LIBRARY = "libc++";
				CLANG_ENABLE_MODULES = YES;
				CLANG_ENABLE_OBJC_ARC = YES;
				CLANG_ENABLE_OBJC_WEAK = YES;
				CLANG_WARN_BLOCK_CAPTURE_AUTORELEASING = YES;
				CLANG_WARN_BOOL_CONVERSION = YES;
				CLANG_WARN_COMMA = YES;
				CLANG_WARN_CONSTANT_CONVERSION = YES;
				CLANG_WARN_DEPRECATED_OBJC_IMPLEMENTATIONS = YES;
				CLANG_WARN_DIRECT_OBJC_ISA_USAGE = YES_ERROR;
				CLANG_WARN_DOCUMENTATION_COMMENTS = YES;
				CLANG_WARN_EMPTY_BODY = YES;
				CLANG_WARN_ENUM_CONVERSION = YES;
				CLANG_WARN_INFINITE_RECURSION = YES;
				CLANG_WARN_INT_CONVERSION = YES;
				CLANG_WARN_NON_LITERAL_NULL_CONVERSION = YES;
				CLANG_WARN_OBJC_IMPLICIT_RETAIN_SELF = YES;
				CLANG_WARN_OBJC_LITERAL_CONVERSION = YES;
				CLANG_WARN_OBJC_ROOT_CLASS = YES_ERROR;
				CLANG_WARN_QUOTED_INCLUDE_IN_FRAMEWORK_HEADER = YES;
				CLANG_WARN_RANGE_LOOP_ANALYSIS = YES;
				CLANG_WARN_STRICT_PROTOTYPES = YES;
				CLANG_WARN_SUSPICIOUS_MOVE = YES;
				CLANG_WARN_UNGUARDED_AVAILABILITY = YES_AGGRESSIVE;
				CLANG_WARN_UNREACHABLE_CODE = YES;
				CLANG_WARN__DUPLICATE_METHOD_MATCH = YES;
				COPY_PHASE_STRIP = NO;
				DEBUG_INFORMATION_FORMAT = dwarf;
				ENABLE_STRICT_OBJC_MSGSEND = YES;
				ENABLE_TESTABILITY = YES;
				GCC_C_LANGUAGE_STANDARD = gnu11;
				GCC_DYNAMIC_NO_PIC = NO;
				GCC_NO_COMMON_BLOCKS = YES;
				GCC_OPTIMIZATION_LEVEL = 0;
				GCC_PREPROCESSOR_DEFINITIONS = (
					"DEBUG=1",
					"$(inherited)",
				);
				GCC_WARN_64_TO_32_BIT_CONVERSION = YES;
				GCC_WARN_ABOUT_RETURN_TYPE = YES_ERROR;
				GCC_WARN_UNDECLARED_SELECTOR = YES;
				GCC_WARN_UNINITIALIZED_AUTOS = YES_AGGRESSIVE;
				GCC_WARN_UNUSED_FUNCTION = YES;
				GCC_WARN_UNUSED_VARIABLE = YES;
				IPHONEOS_DEPLOYMENT_TARGET = 14.4;
				MTL_ENABLE_DEBUG_INFO = INCLUDE_SOURCE;
				MTL_FAST_MATH = YES;
				ONLY_ACTIVE_ARCH = YES;
				SDKROOT = iphoneos;
				SWIFT_ACTIVE_COMPILATION_CONDITIONS = DEBUG;
				SWIFT_OPTIMIZATION_LEVEL = "-Onone";
			};
			name = Debug;
		};
		A4A19C9125C85BAA00414DF0 /* Release */ = {
			isa = XCBuildConfiguration;
			buildSettings = {
				ALWAYS_SEARCH_USER_PATHS = NO;
				CLANG_ANALYZER_NONNULL = YES;
				CLANG_ANALYZER_NUMBER_OBJECT_CONVERSION = YES_AGGRESSIVE;
				CLANG_CXX_LANGUAGE_STANDARD = "gnu++14";
				CLANG_CXX_LIBRARY = "libc++";
				CLANG_ENABLE_MODULES = YES;
				CLANG_ENABLE_OBJC_ARC = YES;
				CLANG_ENABLE_OBJC_WEAK = YES;
				CLANG_WARN_BLOCK_CAPTURE_AUTORELEASING = YES;
				CLANG_WARN_BOOL_CONVERSION = YES;
				CLANG_WARN_COMMA = YES;
				CLANG_WARN_CONSTANT_CONVERSION = YES;
				CLANG_WARN_DEPRECATED_OBJC_IMPLEMENTATIONS = YES;
				CLANG_WARN_DIRECT_OBJC_ISA_USAGE = YES_ERROR;
				CLANG_WARN_DOCUMENTATION_COMMENTS = YES;
				CLANG_WARN_EMPTY_BODY = YES;
				CLANG_WARN_ENUM_CONVERSION = YES;
				CLANG_WARN_INFINITE_RECURSION = YES;
				CLANG_WARN_INT_CONVERSION = YES;
				CLANG_WARN_NON_LITERAL_NULL_CONVERSION = YES;
				CLANG_WARN_OBJC_IMPLICIT_RETAIN_SELF = YES;
				CLANG_WARN_OBJC_LITERAL_CONVERSION = YES;
				CLANG_WARN_OBJC_ROOT_CLASS = YES_ERROR;
				CLANG_WARN_QUOTED_INCLUDE_IN_FRAMEWORK_HEADER = YES;
				CLANG_WARN_RANGE_LOOP_ANALYSIS = YES;
				CLANG_WARN_STRICT_PROTOTYPES = YES;
				CLANG_WARN_SUSPICIOUS_MOVE = YES;
				CLANG_WARN_UNGUARDED_AVAILABILITY = YES_AGGRESSIVE;
				CLANG_WARN_UNREACHABLE_CODE = YES;
				CLANG_WARN__DUPLICATE_METHOD_MATCH = YES;
				COPY_PHASE_STRIP = NO;
				DEBUG_INFORMATION_FORMAT = "dwarf-with-dsym";
				ENABLE_NS_ASSERTIONS = NO;
				ENABLE_STRICT_OBJC_MSGSEND = YES;
				GCC_C_LANGUAGE_STANDARD = gnu11;
				GCC_NO_COMMON_BLOCKS = YES;
				GCC_WARN_64_TO_32_BIT_CONVERSION = YES;
				GCC_WARN_ABOUT_RETURN_TYPE = YES_ERROR;
				GCC_WARN_UNDECLARED_SELECTOR = YES;
				GCC_WARN_UNINITIALIZED_AUTOS = YES_AGGRESSIVE;
				GCC_WARN_UNUSED_FUNCTION = YES;
				GCC_WARN_UNUSED_VARIABLE = YES;
				IPHONEOS_DEPLOYMENT_TARGET = 14.4;
				MTL_ENABLE_DEBUG_INFO = NO;
				MTL_FAST_MATH = YES;
				SDKROOT = iphoneos;
				SWIFT_COMPILATION_MODE = wholemodule;
				SWIFT_OPTIMIZATION_LEVEL = "-O";
				VALIDATE_PRODUCT = YES;
			};
			name = Release;
		};
		A4A19C9325C85BAA00414DF0 /* Debug */ = {
			isa = XCBuildConfiguration;
			buildSettings = {
				ASSETCATALOG_COMPILER_APPICON_NAME = AppIcon;
				ASSETCATALOG_COMPILER_GLOBAL_ACCENT_COLOR_NAME = AccentColor;
				CODE_SIGN_STYLE = Automatic;
				DEVELOPMENT_ASSET_PATHS = "\"Pinewood Derby/Preview Content\"";
				DEVELOPMENT_TEAM = J27945M9KG;
				ENABLE_PREVIEWS = YES;
				INFOPLIST_FILE = "Pinewood Derby/Info.plist";
				IPHONEOS_DEPLOYMENT_TARGET = 14.0;
				LD_RUNPATH_SEARCH_PATHS = (
					"$(inherited)",
					"@executable_path/Frameworks",
				);
				PRODUCT_BUNDLE_IDENTIFIER = "net.randix.Pinewood-Derby";
				PRODUCT_NAME = "$(TARGET_NAME)";
				SWIFT_VERSION = 5.0;
				TARGETED_DEVICE_FAMILY = "1,2";
			};
			name = Debug;
		};
		A4A19C9425C85BAA00414DF0 /* Release */ = {
			isa = XCBuildConfiguration;
			buildSettings = {
				ASSETCATALOG_COMPILER_APPICON_NAME = AppIcon;
				ASSETCATALOG_COMPILER_GLOBAL_ACCENT_COLOR_NAME = AccentColor;
				CODE_SIGN_STYLE = Automatic;
				DEVELOPMENT_ASSET_PATHS = "\"Pinewood Derby/Preview Content\"";
				DEVELOPMENT_TEAM = J27945M9KG;
				ENABLE_PREVIEWS = YES;
				INFOPLIST_FILE = "Pinewood Derby/Info.plist";
				IPHONEOS_DEPLOYMENT_TARGET = 14.0;
				LD_RUNPATH_SEARCH_PATHS = (
					"$(inherited)",
					"@executable_path/Frameworks",
				);
				PRODUCT_BUNDLE_IDENTIFIER = "net.randix.Pinewood-Derby";
				PRODUCT_NAME = "$(TARGET_NAME)";
				SWIFT_VERSION = 5.0;
				TARGETED_DEVICE_FAMILY = "1,2";
			};
			name = Release;
		};
		A4A19C9625C85BAA00414DF0 /* Debug */ = {
			isa = XCBuildConfiguration;
			buildSettings = {
				ALWAYS_EMBED_SWIFT_STANDARD_LIBRARIES = YES;
				BUNDLE_LOADER = "$(TEST_HOST)";
				CODE_SIGN_STYLE = Automatic;
				DEVELOPMENT_TEAM = J27945M9KG;
				INFOPLIST_FILE = "Pinewood DerbyTests/Info.plist";
				IPHONEOS_DEPLOYMENT_TARGET = 14.0;
				LD_RUNPATH_SEARCH_PATHS = (
					"$(inherited)",
					"@executable_path/Frameworks",
					"@loader_path/Frameworks",
				);
				PRODUCT_BUNDLE_IDENTIFIER = "net.randix.Pinewood-DerbyTests";
				PRODUCT_NAME = "$(TARGET_NAME)";
				SWIFT_VERSION = 5.0;
				TARGETED_DEVICE_FAMILY = "1,2";
				TEST_HOST = "$(BUILT_PRODUCTS_DIR)/Pinewood Derby.app/Pinewood Derby";
			};
			name = Debug;
		};
		A4A19C9725C85BAA00414DF0 /* Release */ = {
			isa = XCBuildConfiguration;
			buildSettings = {
				ALWAYS_EMBED_SWIFT_STANDARD_LIBRARIES = YES;
				BUNDLE_LOADER = "$(TEST_HOST)";
				CODE_SIGN_STYLE = Automatic;
				DEVELOPMENT_TEAM = J27945M9KG;
				INFOPLIST_FILE = "Pinewood DerbyTests/Info.plist";
				IPHONEOS_DEPLOYMENT_TARGET = 14.0;
				LD_RUNPATH_SEARCH_PATHS = (
					"$(inherited)",
					"@executable_path/Frameworks",
					"@loader_path/Frameworks",
				);
				PRODUCT_BUNDLE_IDENTIFIER = "net.randix.Pinewood-DerbyTests";
				PRODUCT_NAME = "$(TARGET_NAME)";
				SWIFT_VERSION = 5.0;
				TARGETED_DEVICE_FAMILY = "1,2";
				TEST_HOST = "$(BUILT_PRODUCTS_DIR)/Pinewood Derby.app/Pinewood Derby";
			};
			name = Release;
		};
		A4A19C9925C85BAA00414DF0 /* Debug */ = {
			isa = XCBuildConfiguration;
			buildSettings = {
				ALWAYS_EMBED_SWIFT_STANDARD_LIBRARIES = YES;
				CODE_SIGN_STYLE = Automatic;
				DEVELOPMENT_TEAM = J27945M9KG;
				INFOPLIST_FILE = "Pinewood DerbyUITests/Info.plist";
				LD_RUNPATH_SEARCH_PATHS = (
					"$(inherited)",
					"@executable_path/Frameworks",
					"@loader_path/Frameworks",
				);
				PRODUCT_BUNDLE_IDENTIFIER = "net.randix.Pinewood-DerbyUITests";
				PRODUCT_NAME = "$(TARGET_NAME)";
				SWIFT_VERSION = 5.0;
				TARGETED_DEVICE_FAMILY = "1,2";
				TEST_TARGET_NAME = "Pinewood Derby";
			};
			name = Debug;
		};
		A4A19C9A25C85BAA00414DF0 /* Release */ = {
			isa = XCBuildConfiguration;
			buildSettings = {
				ALWAYS_EMBED_SWIFT_STANDARD_LIBRARIES = YES;
				CODE_SIGN_STYLE = Automatic;
				DEVELOPMENT_TEAM = J27945M9KG;
				INFOPLIST_FILE = "Pinewood DerbyUITests/Info.plist";
				LD_RUNPATH_SEARCH_PATHS = (
					"$(inherited)",
					"@executable_path/Frameworks",
					"@loader_path/Frameworks",
				);
				PRODUCT_BUNDLE_IDENTIFIER = "net.randix.Pinewood-DerbyUITests";
				PRODUCT_NAME = "$(TARGET_NAME)";
				SWIFT_VERSION = 5.0;
				TARGETED_DEVICE_FAMILY = "1,2";
				TEST_TARGET_NAME = "Pinewood Derby";
			};
			name = Release;
		};
/* End XCBuildConfiguration section */

/* Begin XCConfigurationList section */
		A4A19C6825C85BAA00414DF0 /* Build configuration list for PBXProject "Pinewood Derby" */ = {
			isa = XCConfigurationList;
			buildConfigurations = (
				A4A19C9025C85BAA00414DF0 /* Debug */,
				A4A19C9125C85BAA00414DF0 /* Release */,
			);
			defaultConfigurationIsVisible = 0;
			defaultConfigurationName = Release;
		};
		A4A19C9225C85BAA00414DF0 /* Build configuration list for PBXNativeTarget "Pinewood Derby" */ = {
			isa = XCConfigurationList;
			buildConfigurations = (
				A4A19C9325C85BAA00414DF0 /* Debug */,
				A4A19C9425C85BAA00414DF0 /* Release */,
			);
			defaultConfigurationIsVisible = 0;
			defaultConfigurationName = Release;
		};
		A4A19C9525C85BAA00414DF0 /* Build configuration list for PBXNativeTarget "Pinewood DerbyTests" */ = {
			isa = XCConfigurationList;
			buildConfigurations = (
				A4A19C9625C85BAA00414DF0 /* Debug */,
				A4A19C9725C85BAA00414DF0 /* Release */,
			);
			defaultConfigurationIsVisible = 0;
			defaultConfigurationName = Release;
		};
		A4A19C9825C85BAA00414DF0 /* Build configuration list for PBXNativeTarget "Pinewood DerbyUITests" */ = {
			isa = XCConfigurationList;
			buildConfigurations = (
				A4A19C9925C85BAA00414DF0 /* Debug */,
				A4A19C9A25C85BAA00414DF0 /* Release */,
			);
			defaultConfigurationIsVisible = 0;
			defaultConfigurationName = Release;
		};
/* End XCConfigurationList section */
	};
	rootObject = A4A19C6525C85BAA00414DF0 /* Project object */;
}
