// !$*UTF8*$!
{
	archiveVersion = 1;
	classes = {
	};
	objectVersion = 50;
	objects = {

/* Begin PBXBuildFile section */
		A4D76C9B26F961230069CC0E /* Derby.swift in Sources */ = {isa = PBXBuildFile; fileRef = A4D76C9A26F961230069CC0E /* Derby.swift */; };
		A4D76C9F26F9955D0069CC0E /* DerbyView.swift in Sources */ = {isa = PBXBuildFile; fileRef = A4D76C9E26F9955D0069CC0E /* DerbyView.swift */; };
		A4D76CA126F9957A0069CC0E /* HeatsView.swift in Sources */ = {isa = PBXBuildFile; fileRef = A4D76CA026F9957A0069CC0E /* HeatsView.swift */; };
		A4D76CA326F9958D0069CC0E /* InfoView.swift in Sources */ = {isa = PBXBuildFile; fileRef = A4D76CA226F9958D0069CC0E /* InfoView.swift */; };
		A4D76CA526F995AB0069CC0E /* SettingsView.swift in Sources */ = {isa = PBXBuildFile; fileRef = A4D76CA426F995AB0069CC0E /* SettingsView.swift */; };
		A4E0B17926FE13FC008E3880 /* DerbyEditView.swift in Sources */ = {isa = PBXBuildFile; fileRef = A4E0B17826FE13FC008E3880 /* DerbyEditView.swift */; };
		A4E0B17B27034589008E3880 /* RadioButtonGroup.swift in Sources */ = {isa = PBXBuildFile; fileRef = A4E0B17A27034589008E3880 /* RadioButtonGroup.swift */; };
		A4E0B17D27034770008E3880 /* MyRadioButtonGroup.swift in Sources */ = {isa = PBXBuildFile; fileRef = A4E0B17C27034770008E3880 /* MyRadioButtonGroup.swift */; };
		A4EA230026FADB3F009D6444 /* ContentView.swift in Sources */ = {isa = PBXBuildFile; fileRef = A4EA22FF26FADB3F009D6444 /* ContentView.swift */; };
		A4EA230226FAE926009D6444 /* LazyView.swift in Sources */ = {isa = PBXBuildFile; fileRef = A4EA230126FAE926009D6444 /* LazyView.swift */; };
		A4EBAB2426C1619C00F8E304 /* Pinewood_DerbyApp.swift in Sources */ = {isa = PBXBuildFile; fileRef = A4EBAB2326C1619C00F8E304 /* Pinewood_DerbyApp.swift */; };
		A4EBAB2826C1619E00F8E304 /* Assets.xcassets in Resources */ = {isa = PBXBuildFile; fileRef = A4EBAB2726C1619E00F8E304 /* Assets.xcassets */; };
		A4EBAB2B26C1619E00F8E304 /* Preview Assets.xcassets in Resources */ = {isa = PBXBuildFile; fileRef = A4EBAB2A26C1619E00F8E304 /* Preview Assets.xcassets */; };
		A4EBAB6B26C162A600F8E304 /* BTManager.swift in Sources */ = {isa = PBXBuildFile; fileRef = A4EBAB6A26C162A600F8E304 /* BTManager.swift */; };
		A4EBAB7026C6B1BE00F8E304 /* Logger.swift in Sources */ = {isa = PBXBuildFile; fileRef = A4EBAB6F26C6B1BE00F8E304 /* Logger.swift */; };
		A4EBAB7226C6C27300F8E304 /* Advertisement.swift in Sources */ = {isa = PBXBuildFile; fileRef = A4EBAB7126C6C27300F8E304 /* Advertisement.swift */; };
/* End PBXBuildFile section */

/* Begin PBXFileReference section */
		A4D76C9A26F961230069CC0E /* Derby.swift */ = {isa = PBXFileReference; lastKnownFileType = sourcecode.swift; path = Derby.swift; sourceTree = "<group>"; };
		A4D76C9E26F9955D0069CC0E /* DerbyView.swift */ = {isa = PBXFileReference; lastKnownFileType = sourcecode.swift; path = DerbyView.swift; sourceTree = "<group>"; };
		A4D76CA026F9957A0069CC0E /* HeatsView.swift */ = {isa = PBXFileReference; lastKnownFileType = sourcecode.swift; path = HeatsView.swift; sourceTree = "<group>"; };
		A4D76CA226F9958D0069CC0E /* InfoView.swift */ = {isa = PBXFileReference; lastKnownFileType = sourcecode.swift; path = InfoView.swift; sourceTree = "<group>"; };
		A4D76CA426F995AB0069CC0E /* SettingsView.swift */ = {isa = PBXFileReference; lastKnownFileType = sourcecode.swift; path = SettingsView.swift; sourceTree = "<group>"; };
		A4E0B17826FE13FC008E3880 /* DerbyEditView.swift */ = {isa = PBXFileReference; lastKnownFileType = sourcecode.swift; path = DerbyEditView.swift; sourceTree = "<group>"; };
		A4E0B17A27034589008E3880 /* RadioButtonGroup.swift */ = {isa = PBXFileReference; lastKnownFileType = sourcecode.swift; path = RadioButtonGroup.swift; sourceTree = "<group>"; };
		A4E0B17C27034770008E3880 /* MyRadioButtonGroup.swift */ = {isa = PBXFileReference; lastKnownFileType = sourcecode.swift; path = MyRadioButtonGroup.swift; sourceTree = "<group>"; };
		A4EA22FF26FADB3F009D6444 /* ContentView.swift */ = {isa = PBXFileReference; lastKnownFileType = sourcecode.swift; path = ContentView.swift; sourceTree = "<group>"; };
		A4EA230126FAE926009D6444 /* LazyView.swift */ = {isa = PBXFileReference; lastKnownFileType = sourcecode.swift; path = LazyView.swift; sourceTree = "<group>"; };
		A4EBAB2026C1619C00F8E304 /* Pinewood Derby.app */ = {isa = PBXFileReference; explicitFileType = wrapper.application; includeInIndex = 0; path = "Pinewood Derby.app"; sourceTree = BUILT_PRODUCTS_DIR; };
		A4EBAB2326C1619C00F8E304 /* Pinewood_DerbyApp.swift */ = {isa = PBXFileReference; lastKnownFileType = sourcecode.swift; path = Pinewood_DerbyApp.swift; sourceTree = "<group>"; };
		A4EBAB2726C1619E00F8E304 /* Assets.xcassets */ = {isa = PBXFileReference; lastKnownFileType = folder.assetcatalog; path = Assets.xcassets; sourceTree = "<group>"; };
		A4EBAB2A26C1619E00F8E304 /* Preview Assets.xcassets */ = {isa = PBXFileReference; lastKnownFileType = folder.assetcatalog; path = "Preview Assets.xcassets"; sourceTree = "<group>"; };
		A4EBAB2C26C1619E00F8E304 /* Info.plist */ = {isa = PBXFileReference; lastKnownFileType = text.plist.xml; path = Info.plist; sourceTree = "<group>"; };
		A4EBAB2D26C1619E00F8E304 /* Pinewood_Derby.entitlements */ = {isa = PBXFileReference; lastKnownFileType = text.plist.entitlements; path = Pinewood_Derby.entitlements; sourceTree = "<group>"; };
		A4EBAB6A26C162A600F8E304 /* BTManager.swift */ = {isa = PBXFileReference; lastKnownFileType = sourcecode.swift; path = BTManager.swift; sourceTree = "<group>"; };
		A4EBAB6F26C6B1BE00F8E304 /* Logger.swift */ = {isa = PBXFileReference; fileEncoding = 4; lastKnownFileType = sourcecode.swift; path = Logger.swift; sourceTree = "<group>"; };
		A4EBAB7126C6C27300F8E304 /* Advertisement.swift */ = {isa = PBXFileReference; lastKnownFileType = sourcecode.swift; path = Advertisement.swift; sourceTree = "<group>"; };
/* End PBXFileReference section */

/* Begin PBXFrameworksBuildPhase section */
		A4EBAB1D26C1619C00F8E304 /* Frameworks */ = {
			isa = PBXFrameworksBuildPhase;
			buildActionMask = 2147483647;
			files = (
			);
			runOnlyForDeploymentPostprocessing = 0;
		};
/* End PBXFrameworksBuildPhase section */

/* Begin PBXGroup section */
		A4EBAB1726C1619C00F8E304 = {
			isa = PBXGroup;
			children = (
				A4EBAB2226C1619C00F8E304 /* Pinewood Derby */,
				A4EBAB2126C1619C00F8E304 /* Products */,
			);
			sourceTree = "<group>";
		};
		A4EBAB2126C1619C00F8E304 /* Products */ = {
			isa = PBXGroup;
			children = (
				A4EBAB2026C1619C00F8E304 /* Pinewood Derby.app */,
			);
			name = Products;
			sourceTree = "<group>";
		};
		A4EBAB2226C1619C00F8E304 /* Pinewood Derby */ = {
			isa = PBXGroup;
			children = (
				A4EBAB2326C1619C00F8E304 /* Pinewood_DerbyApp.swift */,
				A4EBAB6F26C6B1BE00F8E304 /* Logger.swift */,
				A4EA22FF26FADB3F009D6444 /* ContentView.swift */,
				A4EA230126FAE926009D6444 /* LazyView.swift */,
				A4D76C9E26F9955D0069CC0E /* DerbyView.swift */,
				A4E0B17826FE13FC008E3880 /* DerbyEditView.swift */,
				A4D76CA026F9957A0069CC0E /* HeatsView.swift */,
				A4D76CA426F995AB0069CC0E /* SettingsView.swift */,
				A4D76CA226F9958D0069CC0E /* InfoView.swift */,
				A4D76C9A26F961230069CC0E /* Derby.swift */,
				A4E0B17C27034770008E3880 /* MyRadioButtonGroup.swift */,
				A4E0B17A27034589008E3880 /* RadioButtonGroup.swift */,
				A4EBAB6A26C162A600F8E304 /* BTManager.swift */,
				A4EBAB7126C6C27300F8E304 /* Advertisement.swift */,
				A4EBAB2726C1619E00F8E304 /* Assets.xcassets */,
				A4EBAB2C26C1619E00F8E304 /* Info.plist */,
				A4EBAB2D26C1619E00F8E304 /* Pinewood_Derby.entitlements */,
				A4EBAB2926C1619E00F8E304 /* Preview Content */,
			);
			path = "Pinewood Derby";
			sourceTree = "<group>";
		};
		A4EBAB2926C1619E00F8E304 /* Preview Content */ = {
			isa = PBXGroup;
			children = (
				A4EBAB2A26C1619E00F8E304 /* Preview Assets.xcassets */,
			);
			path = "Preview Content";
			sourceTree = "<group>";
		};
/* End PBXGroup section */

/* Begin PBXNativeTarget section */
		A4EBAB1F26C1619C00F8E304 /* Pinewood Derby */ = {
			isa = PBXNativeTarget;
			buildConfigurationList = A4EBAB3026C1619E00F8E304 /* Build configuration list for PBXNativeTarget "Pinewood Derby" */;
			buildPhases = (
				A4EBAB1C26C1619C00F8E304 /* Sources */,
				A4EBAB1D26C1619C00F8E304 /* Frameworks */,
				A4EBAB1E26C1619C00F8E304 /* Resources */,
			);
			buildRules = (
			);
			dependencies = (
			);
			name = "Pinewood Derby";
			productName = "Pinewood Derby";
			productReference = A4EBAB2026C1619C00F8E304 /* Pinewood Derby.app */;
			productType = "com.apple.product-type.application";
		};
/* End PBXNativeTarget section */

/* Begin PBXProject section */
		A4EBAB1826C1619C00F8E304 /* Project object */ = {
			isa = PBXProject;
			attributes = {
				LastSwiftUpdateCheck = 1250;
				LastUpgradeCheck = 1250;
				TargetAttributes = {
					A4EBAB1F26C1619C00F8E304 = {
						CreatedOnToolsVersion = 12.5.1;
					};
				};
			};
			buildConfigurationList = A4EBAB1B26C1619C00F8E304 /* Build configuration list for PBXProject "Pinewood Derby" */;
			compatibilityVersion = "Xcode 9.3";
			developmentRegion = en;
			hasScannedForEncodings = 0;
			knownRegions = (
				en,
				Base,
			);
			mainGroup = A4EBAB1726C1619C00F8E304;
			productRefGroup = A4EBAB2126C1619C00F8E304 /* Products */;
			projectDirPath = "";
			projectRoot = "";
			targets = (
				A4EBAB1F26C1619C00F8E304 /* Pinewood Derby */,
			);
		};
/* End PBXProject section */

/* Begin PBXResourcesBuildPhase section */
		A4EBAB1E26C1619C00F8E304 /* Resources */ = {
			isa = PBXResourcesBuildPhase;
			buildActionMask = 2147483647;
			files = (
				A4EBAB2B26C1619E00F8E304 /* Preview Assets.xcassets in Resources */,
				A4EBAB2826C1619E00F8E304 /* Assets.xcassets in Resources */,
			);
			runOnlyForDeploymentPostprocessing = 0;
		};
/* End PBXResourcesBuildPhase section */

/* Begin PBXSourcesBuildPhase section */
		A4EBAB1C26C1619C00F8E304 /* Sources */ = {
			isa = PBXSourcesBuildPhase;
			buildActionMask = 2147483647;
			files = (
				A4D76CA526F995AB0069CC0E /* SettingsView.swift in Sources */,
				A4D76CA326F9958D0069CC0E /* InfoView.swift in Sources */,
				A4EA230026FADB3F009D6444 /* ContentView.swift in Sources */,
				A4EBAB2426C1619C00F8E304 /* Pinewood_DerbyApp.swift in Sources */,
				A4D76C9F26F9955D0069CC0E /* DerbyView.swift in Sources */,
				A4EA230226FAE926009D6444 /* LazyView.swift in Sources */,
				A4EBAB7226C6C27300F8E304 /* Advertisement.swift in Sources */,
				A4E0B17B27034589008E3880 /* RadioButtonGroup.swift in Sources */,
				A4E0B17926FE13FC008E3880 /* DerbyEditView.swift in Sources */,
				A4D76C9B26F961230069CC0E /* Derby.swift in Sources */,
				A4EBAB6B26C162A600F8E304 /* BTManager.swift in Sources */,
				A4D76CA126F9957A0069CC0E /* HeatsView.swift in Sources */,
				A4EBAB7026C6B1BE00F8E304 /* Logger.swift in Sources */,
				A4E0B17D27034770008E3880 /* MyRadioButtonGroup.swift in Sources */,
			);
			runOnlyForDeploymentPostprocessing = 0;
		};
/* End PBXSourcesBuildPhase section */

/* Begin XCBuildConfiguration section */
		A4EBAB2E26C1619E00F8E304 /* Debug */ = {
			isa = XCBuildConfiguration;
			buildSettings = {
				ALWAYS_SEARCH_USER_PATHS = NO;
				CLANG_ANALYZER_NONNULL = YES;
				CLANG_ANALYZER_NUMBER_OBJECT_CONVERSION = YES_AGGRESSIVE;
				CLANG_CXX_LANGUAGE_STANDARD = "gnu++14";
				CLANG_CXX_LIBRARY = "libc++";
				CLANG_ENABLE_MODULES = YES;
				CLANG_ENABLE_OBJC_ARC = YES;
				CLANG_ENABLE_OBJC_WEAK = YES;
				CLANG_WARN_BLOCK_CAPTURE_AUTORELEASING = YES;
				CLANG_WARN_BOOL_CONVERSION = YES;
				CLANG_WARN_COMMA = YES;
				CLANG_WARN_CONSTANT_CONVERSION = YES;
				CLANG_WARN_DEPRECATED_OBJC_IMPLEMENTATIONS = YES;
				CLANG_WARN_DIRECT_OBJC_ISA_USAGE = YES_ERROR;
				CLANG_WARN_DOCUMENTATION_COMMENTS = YES;
				CLANG_WARN_EMPTY_BODY = YES;
				CLANG_WARN_ENUM_CONVERSION = YES;
				CLANG_WARN_INFINITE_RECURSION = YES;
				CLANG_WARN_INT_CONVERSION = YES;
				CLANG_WARN_NON_LITERAL_NULL_CONVERSION = YES;
				CLANG_WARN_OBJC_IMPLICIT_RETAIN_SELF = YES;
				CLANG_WARN_OBJC_LITERAL_CONVERSION = YES;
				CLANG_WARN_OBJC_ROOT_CLASS = YES_ERROR;
				CLANG_WARN_QUOTED_INCLUDE_IN_FRAMEWORK_HEADER = YES;
				CLANG_WARN_RANGE_LOOP_ANALYSIS = YES;
				CLANG_WARN_STRICT_PROTOTYPES = YES;
				CLANG_WARN_SUSPICIOUS_MOVE = YES;
				CLANG_WARN_UNGUARDED_AVAILABILITY = YES_AGGRESSIVE;
				CLANG_WARN_UNREACHABLE_CODE = YES;
				CLANG_WARN__DUPLICATE_METHOD_MATCH = YES;
				COPY_PHASE_STRIP = NO;
				DEBUG_INFORMATION_FORMAT = dwarf;
				ENABLE_STRICT_OBJC_MSGSEND = YES;
				ENABLE_TESTABILITY = YES;
				GCC_C_LANGUAGE_STANDARD = gnu11;
				GCC_DYNAMIC_NO_PIC = NO;
				GCC_NO_COMMON_BLOCKS = YES;
				GCC_OPTIMIZATION_LEVEL = 0;
				GCC_PREPROCESSOR_DEFINITIONS = (
					"DEBUG=1",
					"$(inherited)",
				);
				GCC_WARN_64_TO_32_BIT_CONVERSION = YES;
				GCC_WARN_ABOUT_RETURN_TYPE = YES_ERROR;
				GCC_WARN_UNDECLARED_SELECTOR = YES;
				GCC_WARN_UNINITIALIZED_AUTOS = YES_AGGRESSIVE;
				GCC_WARN_UNUSED_FUNCTION = YES;
				GCC_WARN_UNUSED_VARIABLE = YES;
				MACOSX_DEPLOYMENT_TARGET = 11.3;
				MTL_ENABLE_DEBUG_INFO = INCLUDE_SOURCE;
				MTL_FAST_MATH = YES;
				ONLY_ACTIVE_ARCH = YES;
				SDKROOT = iphoneos;
				SWIFT_ACTIVE_COMPILATION_CONDITIONS = DEBUG;
				SWIFT_OPTIMIZATION_LEVEL = "-Onone";
			};
			name = Debug;
		};
		A4EBAB2F26C1619E00F8E304 /* Release */ = {
			isa = XCBuildConfiguration;
			buildSettings = {
				ALWAYS_SEARCH_USER_PATHS = NO;
				CLANG_ANALYZER_NONNULL = YES;
				CLANG_ANALYZER_NUMBER_OBJECT_CONVERSION = YES_AGGRESSIVE;
				CLANG_CXX_LANGUAGE_STANDARD = "gnu++14";
				CLANG_CXX_LIBRARY = "libc++";
				CLANG_ENABLE_MODULES = YES;
				CLANG_ENABLE_OBJC_ARC = YES;
				CLANG_ENABLE_OBJC_WEAK = YES;
				CLANG_WARN_BLOCK_CAPTURE_AUTORELEASING = YES;
				CLANG_WARN_BOOL_CONVERSION = YES;
				CLANG_WARN_COMMA = YES;
				CLANG_WARN_CONSTANT_CONVERSION = YES;
				CLANG_WARN_DEPRECATED_OBJC_IMPLEMENTATIONS = YES;
				CLANG_WARN_DIRECT_OBJC_ISA_USAGE = YES_ERROR;
				CLANG_WARN_DOCUMENTATION_COMMENTS = YES;
				CLANG_WARN_EMPTY_BODY = YES;
				CLANG_WARN_ENUM_CONVERSION = YES;
				CLANG_WARN_INFINITE_RECURSION = YES;
				CLANG_WARN_INT_CONVERSION = YES;
				CLANG_WARN_NON_LITERAL_NULL_CONVERSION = YES;
				CLANG_WARN_OBJC_IMPLICIT_RETAIN_SELF = YES;
				CLANG_WARN_OBJC_LITERAL_CONVERSION = YES;
				CLANG_WARN_OBJC_ROOT_CLASS = YES_ERROR;
				CLANG_WARN_QUOTED_INCLUDE_IN_FRAMEWORK_HEADER = YES;
				CLANG_WARN_RANGE_LOOP_ANALYSIS = YES;
				CLANG_WARN_STRICT_PROTOTYPES = YES;
				CLANG_WARN_SUSPICIOUS_MOVE = YES;
				CLANG_WARN_UNGUARDED_AVAILABILITY = YES_AGGRESSIVE;
				CLANG_WARN_UNREACHABLE_CODE = YES;
				CLANG_WARN__DUPLICATE_METHOD_MATCH = YES;
				COPY_PHASE_STRIP = NO;
				DEBUG_INFORMATION_FORMAT = "dwarf-with-dsym";
				ENABLE_NS_ASSERTIONS = NO;
				ENABLE_STRICT_OBJC_MSGSEND = YES;
				GCC_C_LANGUAGE_STANDARD = gnu11;
				GCC_NO_COMMON_BLOCKS = YES;
				GCC_WARN_64_TO_32_BIT_CONVERSION = YES;
				GCC_WARN_ABOUT_RETURN_TYPE = YES_ERROR;
				GCC_WARN_UNDECLARED_SELECTOR = YES;
				GCC_WARN_UNINITIALIZED_AUTOS = YES_AGGRESSIVE;
				GCC_WARN_UNUSED_FUNCTION = YES;
				GCC_WARN_UNUSED_VARIABLE = YES;
				MACOSX_DEPLOYMENT_TARGET = 11.3;
				MTL_ENABLE_DEBUG_INFO = NO;
				MTL_FAST_MATH = YES;
				SDKROOT = iphoneos;
				SWIFT_COMPILATION_MODE = wholemodule;
				SWIFT_OPTIMIZATION_LEVEL = "-O";
			};
			name = Release;
		};
		A4EBAB3126C1619E00F8E304 /* Debug */ = {
			isa = XCBuildConfiguration;
			buildSettings = {
				ASSETCATALOG_COMPILER_APPICON_NAME = AppIcon;
				ASSETCATALOG_COMPILER_GLOBAL_ACCENT_COLOR_NAME = AccentColor;
				CODE_SIGN_ENTITLEMENTS = "Pinewood Derby/Pinewood_Derby.entitlements";
				CODE_SIGN_STYLE = Automatic;
				COMBINE_HIDPI_IMAGES = YES;
				DEVELOPMENT_ASSET_PATHS = "\"Pinewood Derby/Preview Content\"";
				DEVELOPMENT_TEAM = J27945M9KG;
				ENABLE_HARDENED_RUNTIME = YES;
				ENABLE_PREVIEWS = YES;
				INFOPLIST_FILE = "Pinewood Derby/Info.plist";
				LD_RUNPATH_SEARCH_PATHS = (
					"$(inherited)",
					"@executable_path/../Frameworks",
				);
				MACOSX_DEPLOYMENT_TARGET = 11.3;
				PRODUCT_BUNDLE_IDENTIFIER = "net.randix.Pinewood-Derby";
				PRODUCT_NAME = "$(TARGET_NAME)";
				SWIFT_VERSION = 5.0;
			};
			name = Debug;
		};
		A4EBAB3226C1619E00F8E304 /* Release */ = {
			isa = XCBuildConfiguration;
			buildSettings = {
				ASSETCATALOG_COMPILER_APPICON_NAME = AppIcon;
				ASSETCATALOG_COMPILER_GLOBAL_ACCENT_COLOR_NAME = AccentColor;
				CODE_SIGN_ENTITLEMENTS = "Pinewood Derby/Pinewood_Derby.entitlements";
				CODE_SIGN_STYLE = Automatic;
				COMBINE_HIDPI_IMAGES = YES;
				DEVELOPMENT_ASSET_PATHS = "\"Pinewood Derby/Preview Content\"";
				DEVELOPMENT_TEAM = J27945M9KG;
				ENABLE_HARDENED_RUNTIME = YES;
				ENABLE_PREVIEWS = YES;
				INFOPLIST_FILE = "Pinewood Derby/Info.plist";
				LD_RUNPATH_SEARCH_PATHS = (
					"$(inherited)",
					"@executable_path/../Frameworks",
				);
				MACOSX_DEPLOYMENT_TARGET = 11.3;
				PRODUCT_BUNDLE_IDENTIFIER = "net.randix.Pinewood-Derby";
				PRODUCT_NAME = "$(TARGET_NAME)";
				SWIFT_VERSION = 5.0;
			};
			name = Release;
		};
/* End XCBuildConfiguration section */

/* Begin XCConfigurationList section */
		A4EBAB1B26C1619C00F8E304 /* Build configuration list for PBXProject "Pinewood Derby" */ = {
			isa = XCConfigurationList;
			buildConfigurations = (
				A4EBAB2E26C1619E00F8E304 /* Debug */,
				A4EBAB2F26C1619E00F8E304 /* Release */,
			);
			defaultConfigurationIsVisible = 0;
			defaultConfigurationName = Release;
		};
		A4EBAB3026C1619E00F8E304 /* Build configuration list for PBXNativeTarget "Pinewood Derby" */ = {
			isa = XCConfigurationList;
			buildConfigurations = (
				A4EBAB3126C1619E00F8E304 /* Debug */,
				A4EBAB3226C1619E00F8E304 /* Release */,
			);
			defaultConfigurationIsVisible = 0;
			defaultConfigurationName = Release;
		};
/* End XCConfigurationList section */
	};
	rootObject = A4EBAB1826C1619C00F8E304 /* Project object */;
}
